
Microsoft Visual Studio Solution File, Format Version 12.00
# Visual Studio Version 17
VisualStudioVersion = 17.13.35931.197
MinimumVisualStudioVersion = 10.0.40219.1
Project("{888888A0-9F3D-457C-B088-3A5042F75D52}") = "particle_lenia", "particle_lenia\particle_lenia.pyproj", "{535E0357-77B7-47C5-8E96-CD160CAF1F31}"
EndProject
Project("{F2A71F9B-5D33-465A-A702-920D77279786}") = "ParticleLenia", "ParticleLenia\ParticleLenia.fsproj", "{D18C3955-6F12-4C95-B5B6-E6E611B9ACE7}"
EndProject
Global
	GlobalSection(SolutionConfigurationPlatforms) = preSolution
		Debug|Any CPU = Debug|Any CPU
		Release|Any CPU = Release|Any CPU
	EndGlobalSection
	GlobalSection(ProjectConfigurationPlatforms) = postSolution
		{535E0357-77B7-47C5-8E96-CD160CAF1F31}.Debug|Any CPU.ActiveCfg = Debug|Any CPU
		{535E0357-77B7-47C5-8E96-CD160CAF1F31}.Release|Any CPU.ActiveCfg = Release|Any CPU
		{D18C3955-6F12-4C95-B5B6-E6E611B9ACE7}.Debug|Any CPU.ActiveCfg = Debug|Any CPU
		{D18C3955-6F12-4C95-B5B6-E6E611B9ACE7}.Debug|Any CPU.Build.0 = Debug|Any CPU
		{D18C3955-6F12-4C95-B5B6-E6E611B9ACE7}.Release|Any CPU.ActiveCfg = Release|Any CPU
		{D18C3955-6F12-4C95-B5B6-E6E611B9ACE7}.Release|Any CPU.Build.0 = Release|Any CPU
	EndGlobalSection
	GlobalSection(SolutionProperties) = preSolution
		HideSolutionNode = FALSE
	EndGlobalSection
	GlobalSection(ExtensibilityGlobals) = postSolution
		SolutionGuid = {6DEDBF61-C89C-4908-915F-BFCB0995EDD0}
	EndGlobalSection
EndGlobal
